// !$*UTF8*$!
{
	archiveVersion = 1;
	classes = {
	};
	objectVersion = 46;
	objects = {

/* Begin PBXBuildFile section */
		002350721F4BE1C80035FD6E /* MoreSettingsViewController.swift in Sources */ = {isa = PBXBuildFile; fileRef = 002350711F4BE1C80035FD6E /* MoreSettingsViewController.swift */; };
		002350741F4C21230035FD6E /* UIView+BlurEffect.swift in Sources */ = {isa = PBXBuildFile; fileRef = 002350731F4C21230035FD6E /* UIView+BlurEffect.swift */; };
		0032F05D1F58F5C700043E08 /* Friend+CoreDataProperties.swift in Sources */ = {isa = PBXBuildFile; fileRef = 0032F05C1F58F5C700043E08 /* Friend+CoreDataProperties.swift */; };
		003F24391F40A49D000F7F0F /* Message+CoreDataProperties.swift in Sources */ = {isa = PBXBuildFile; fileRef = 003F24381F40A49D000F7F0F /* Message+CoreDataProperties.swift */; };
		003F243B1F40A944000F7F0F /* UIColor+ChatColor.swift in Sources */ = {isa = PBXBuildFile; fileRef = 003F243A1F40A944000F7F0F /* UIColor+ChatColor.swift */; };
		00C26E861F5150400070F474 /* Cartfile in Resources */ = {isa = PBXBuildFile; fileRef = 00C26E851F5150400070F474 /* Cartfile */; };
		A70A416A1F370BBC00CB4A93 /* ContactsViewController.swift in Sources */ = {isa = PBXBuildFile; fileRef = A70A41691F370BBC00CB4A93 /* ContactsViewController.swift */; };
		A70A416E1F38C0C200CB4A93 /* UIFont+SizeOfString.swift in Sources */ = {isa = PBXBuildFile; fileRef = A70A416D1F38C0C200CB4A93 /* UIFont+SizeOfString.swift */; };
		A72A23CC1F0DBA6000D1F4CB /* AppDelegate.swift in Sources */ = {isa = PBXBuildFile; fileRef = A72A23CB1F0DBA6000D1F4CB /* AppDelegate.swift */; };
		A72A23CE1F0DBA6100D1F4CB /* RecentsViewController.swift in Sources */ = {isa = PBXBuildFile; fileRef = A72A23CD1F0DBA6100D1F4CB /* RecentsViewController.swift */; };
		A72A23D41F0DBA6100D1F4CB /* Palmerah.xcdatamodeld in Sources */ = {isa = PBXBuildFile; fileRef = A72A23D21F0DBA6100D1F4CB /* Palmerah.xcdatamodeld */; };
		A72A23D61F0DBA6100D1F4CB /* Assets.xcassets in Resources */ = {isa = PBXBuildFile; fileRef = A72A23D51F0DBA6100D1F4CB /* Assets.xcassets */; };
		A72A23D91F0DBA6100D1F4CB /* LaunchScreen.storyboard in Resources */ = {isa = PBXBuildFile; fileRef = A72A23D71F0DBA6100D1F4CB /* LaunchScreen.storyboard */; };
		A72A23E41F0DBA6100D1F4CB /* PalmerahTests.swift in Sources */ = {isa = PBXBuildFile; fileRef = A72A23E31F0DBA6100D1F4CB /* PalmerahTests.swift */; };
		A72A23EF1F0DBA6100D1F4CB /* PalmerahUITests.swift in Sources */ = {isa = PBXBuildFile; fileRef = A72A23EE1F0DBA6100D1F4CB /* PalmerahUITests.swift */; };
		A751E6901F361A2B0080DD35 /* MainTabBarController.swift in Sources */ = {isa = PBXBuildFile; fileRef = A751E68F1F361A2B0080DD35 /* MainTabBarController.swift */; };
		A780844F1F2D0C7100EF07F9 /* FriendRepository.swift in Sources */ = {isa = PBXBuildFile; fileRef = A780844E1F2D0C7100EF07F9 /* FriendRepository.swift */; };
		A78084511F2E340A00EF07F9 /* ChatRoomViewController.swift in Sources */ = {isa = PBXBuildFile; fileRef = A78084501F2E340A00EF07F9 /* ChatRoomViewController.swift */; };
		A7B3B87C1F144C36000BB5FD /* RecentsViewControllerHelper.swift in Sources */ = {isa = PBXBuildFile; fileRef = A7B3B87B1F144C36000BB5FD /* RecentsViewControllerHelper.swift */; };
		A7FD2F271F10FD2D0024CA5A /* UIView+ConstraintWithFormat.swift in Sources */ = {isa = PBXBuildFile; fileRef = A7FD2F261F10FD2D0024CA5A /* UIView+ConstraintWithFormat.swift */; };
		A7FE26421F2CF31200F3010E /* Message+CoreDataClass.swift in Sources */ = {isa = PBXBuildFile; fileRef = A7FE263E1F2CF31200F3010E /* Message+CoreDataClass.swift */; };
		A7FE26441F2CF31200F3010E /* Friend+CoreDataClass.swift in Sources */ = {isa = PBXBuildFile; fileRef = A7FE26401F2CF31200F3010E /* Friend+CoreDataClass.swift */; };
/* End PBXBuildFile section */

/* Begin PBXContainerItemProxy section */
		A72A23E01F0DBA6100D1F4CB /* PBXContainerItemProxy */ = {
			isa = PBXContainerItemProxy;
			containerPortal = A72A23C01F0DBA6000D1F4CB /* Project object */;
			proxyType = 1;
			remoteGlobalIDString = A72A23C71F0DBA6000D1F4CB;
			remoteInfo = Palmerah;
		};
		A72A23EB1F0DBA6100D1F4CB /* PBXContainerItemProxy */ = {
			isa = PBXContainerItemProxy;
			containerPortal = A72A23C01F0DBA6000D1F4CB /* Project object */;
			proxyType = 1;
			remoteGlobalIDString = A72A23C71F0DBA6000D1F4CB;
			remoteInfo = Palmerah;
		};
/* End PBXContainerItemProxy section */

/* Begin PBXFileReference section */
		002350711F4BE1C80035FD6E /* MoreSettingsViewController.swift */ = {isa = PBXFileReference; fileEncoding = 4; lastKnownFileType = sourcecode.swift; path = MoreSettingsViewController.swift; sourceTree = "<group>"; };
		002350731F4C21230035FD6E /* UIView+BlurEffect.swift */ = {isa = PBXFileReference; fileEncoding = 4; lastKnownFileType = sourcecode.swift; path = "UIView+BlurEffect.swift"; sourceTree = "<group>"; };
		0032F05C1F58F5C700043E08 /* Friend+CoreDataProperties.swift */ = {isa = PBXFileReference; fileEncoding = 4; lastKnownFileType = sourcecode.swift; path = "Friend+CoreDataProperties.swift"; sourceTree = "<group>"; };
		003F24381F40A49D000F7F0F /* Message+CoreDataProperties.swift */ = {isa = PBXFileReference; fileEncoding = 4; lastKnownFileType = sourcecode.swift; path = "Message+CoreDataProperties.swift"; sourceTree = "<group>"; };
		003F243A1F40A944000F7F0F /* UIColor+ChatColor.swift */ = {isa = PBXFileReference; fileEncoding = 4; lastKnownFileType = sourcecode.swift; path = "UIColor+ChatColor.swift"; sourceTree = "<group>"; };
		00C26E851F5150400070F474 /* Cartfile */ = {isa = PBXFileReference; fileEncoding = 4; lastKnownFileType = text; path = Cartfile; sourceTree = "<group>"; };
		A70A41691F370BBC00CB4A93 /* ContactsViewController.swift */ = {isa = PBXFileReference; fileEncoding = 4; lastKnownFileType = sourcecode.swift; path = ContactsViewController.swift; sourceTree = "<group>"; };
		A70A416D1F38C0C200CB4A93 /* UIFont+SizeOfString.swift */ = {isa = PBXFileReference; fileEncoding = 4; lastKnownFileType = sourcecode.swift; path = "UIFont+SizeOfString.swift"; sourceTree = "<group>"; };
		A72A23C81F0DBA6000D1F4CB /* Palmerah.app */ = {isa = PBXFileReference; explicitFileType = wrapper.application; includeInIndex = 0; path = Palmerah.app; sourceTree = BUILT_PRODUCTS_DIR; };
		A72A23CB1F0DBA6000D1F4CB /* AppDelegate.swift */ = {isa = PBXFileReference; lastKnownFileType = sourcecode.swift; path = AppDelegate.swift; sourceTree = "<group>"; };
		A72A23CD1F0DBA6100D1F4CB /* RecentsViewController.swift */ = {isa = PBXFileReference; lastKnownFileType = sourcecode.swift; path = RecentsViewController.swift; sourceTree = "<group>"; };
		A72A23D31F0DBA6100D1F4CB /* Palmerah.xcdatamodel */ = {isa = PBXFileReference; lastKnownFileType = wrapper.xcdatamodel; path = Palmerah.xcdatamodel; sourceTree = "<group>"; };
		A72A23D51F0DBA6100D1F4CB /* Assets.xcassets */ = {isa = PBXFileReference; lastKnownFileType = folder.assetcatalog; path = Assets.xcassets; sourceTree = "<group>"; };
		A72A23D81F0DBA6100D1F4CB /* Base */ = {isa = PBXFileReference; lastKnownFileType = file.storyboard; name = Base; path = Base.lproj/LaunchScreen.storyboard; sourceTree = "<group>"; };
		A72A23DA1F0DBA6100D1F4CB /* Info.plist */ = {isa = PBXFileReference; lastKnownFileType = text.plist.xml; path = Info.plist; sourceTree = "<group>"; };
		A72A23DF1F0DBA6100D1F4CB /* PalmerahTests.xctest */ = {isa = PBXFileReference; explicitFileType = wrapper.cfbundle; includeInIndex = 0; path = PalmerahTests.xctest; sourceTree = BUILT_PRODUCTS_DIR; };
		A72A23E31F0DBA6100D1F4CB /* PalmerahTests.swift */ = {isa = PBXFileReference; lastKnownFileType = sourcecode.swift; path = PalmerahTests.swift; sourceTree = "<group>"; };
		A72A23E51F0DBA6100D1F4CB /* Info.plist */ = {isa = PBXFileReference; lastKnownFileType = text.plist.xml; path = Info.plist; sourceTree = "<group>"; };
		A72A23EA1F0DBA6100D1F4CB /* PalmerahUITests.xctest */ = {isa = PBXFileReference; explicitFileType = wrapper.cfbundle; includeInIndex = 0; path = PalmerahUITests.xctest; sourceTree = BUILT_PRODUCTS_DIR; };
		A72A23EE1F0DBA6100D1F4CB /* PalmerahUITests.swift */ = {isa = PBXFileReference; lastKnownFileType = sourcecode.swift; path = PalmerahUITests.swift; sourceTree = "<group>"; };
		A72A23F01F0DBA6100D1F4CB /* Info.plist */ = {isa = PBXFileReference; lastKnownFileType = text.plist.xml; path = Info.plist; sourceTree = "<group>"; };
		A751E68F1F361A2B0080DD35 /* MainTabBarController.swift */ = {isa = PBXFileReference; fileEncoding = 4; lastKnownFileType = sourcecode.swift; path = MainTabBarController.swift; sourceTree = "<group>"; };
		A780844E1F2D0C7100EF07F9 /* FriendRepository.swift */ = {isa = PBXFileReference; fileEncoding = 4; lastKnownFileType = sourcecode.swift; path = FriendRepository.swift; sourceTree = "<group>"; };
		A78084501F2E340A00EF07F9 /* ChatRoomViewController.swift */ = {isa = PBXFileReference; fileEncoding = 4; lastKnownFileType = sourcecode.swift; path = ChatRoomViewController.swift; sourceTree = "<group>"; };
		A7B3B87B1F144C36000BB5FD /* RecentsViewControllerHelper.swift */ = {isa = PBXFileReference; fileEncoding = 4; lastKnownFileType = sourcecode.swift; path = RecentsViewControllerHelper.swift; sourceTree = "<group>"; };
		A7FD2F261F10FD2D0024CA5A /* UIView+ConstraintWithFormat.swift */ = {isa = PBXFileReference; fileEncoding = 4; lastKnownFileType = sourcecode.swift; path = "UIView+ConstraintWithFormat.swift"; sourceTree = "<group>"; };
		A7FE263E1F2CF31200F3010E /* Message+CoreDataClass.swift */ = {isa = PBXFileReference; fileEncoding = 4; lastKnownFileType = sourcecode.swift; path = "Message+CoreDataClass.swift"; sourceTree = "<group>"; };
		A7FE26401F2CF31200F3010E /* Friend+CoreDataClass.swift */ = {isa = PBXFileReference; fileEncoding = 4; lastKnownFileType = sourcecode.swift; path = "Friend+CoreDataClass.swift"; sourceTree = "<group>"; };
/* End PBXFileReference section */

/* Begin PBXFrameworksBuildPhase section */
		A72A23C51F0DBA6000D1F4CB /* Frameworks */ = {
			isa = PBXFrameworksBuildPhase;
			buildActionMask = 2147483647;
			files = (
			);
			runOnlyForDeploymentPostprocessing = 0;
		};
		A72A23DC1F0DBA6100D1F4CB /* Frameworks */ = {
			isa = PBXFrameworksBuildPhase;
			buildActionMask = 2147483647;
			files = (
			);
			runOnlyForDeploymentPostprocessing = 0;
		};
		A72A23E71F0DBA6100D1F4CB /* Frameworks */ = {
			isa = PBXFrameworksBuildPhase;
			buildActionMask = 2147483647;
			files = (
			);
			runOnlyForDeploymentPostprocessing = 0;
		};
/* End PBXFrameworksBuildPhase section */

/* Begin PBXGroup section */
		A72A23BF1F0DBA6000D1F4CB = {
			isa = PBXGroup;
			children = (
				00C26E851F5150400070F474 /* Cartfile */,
				A72A23CA1F0DBA6000D1F4CB /* Palmerah */,
				A72A23ED1F0DBA6100D1F4CB /* PalmerahUITests */,
				A72A23C91F0DBA6000D1F4CB /* Products */,
				A72A23E21F0DBA6100D1F4CB /* PalmerahTests */,
			);
			sourceTree = "<group>";
		};
		A72A23C91F0DBA6000D1F4CB /* Products */ = {
			isa = PBXGroup;
			children = (
				A72A23C81F0DBA6000D1F4CB /* Palmerah.app */,
				A72A23DF1F0DBA6100D1F4CB /* PalmerahTests.xctest */,
				A72A23EA1F0DBA6100D1F4CB /* PalmerahUITests.xctest */,
			);
			name = Products;
			sourceTree = "<group>";
		};
		A72A23CA1F0DBA6000D1F4CB /* Palmerah */ = {
			isa = PBXGroup;
			children = (
				0032F05C1F58F5C700043E08 /* Friend+CoreDataProperties.swift */,
				003F24381F40A49D000F7F0F /* Message+CoreDataProperties.swift */,
				A7FE263E1F2CF31200F3010E /* Message+CoreDataClass.swift */,
				A7FE26401F2CF31200F3010E /* Friend+CoreDataClass.swift */,
				A72A23CB1F0DBA6000D1F4CB /* AppDelegate.swift */,
				A72A23D51F0DBA6100D1F4CB /* Assets.xcassets */,
				A72A23DA1F0DBA6100D1F4CB /* Info.plist */,
				A72A23D21F0DBA6100D1F4CB /* Palmerah.xcdatamodeld */,
				A7FD2F261F10FD2D0024CA5A /* UIView+ConstraintWithFormat.swift */,
				A72A23D71F0DBA6100D1F4CB /* LaunchScreen.storyboard */,
				A780844E1F2D0C7100EF07F9 /* FriendRepository.swift */,
				A72A23CD1F0DBA6100D1F4CB /* RecentsViewController.swift */,
				A7B3B87B1F144C36000BB5FD /* RecentsViewControllerHelper.swift */,
				A78084501F2E340A00EF07F9 /* ChatRoomViewController.swift */,
				A751E68F1F361A2B0080DD35 /* MainTabBarController.swift */,
				A70A41691F370BBC00CB4A93 /* ContactsViewController.swift */,
				A70A416D1F38C0C200CB4A93 /* UIFont+SizeOfString.swift */,
				003F243A1F40A944000F7F0F /* UIColor+ChatColor.swift */,
				002350711F4BE1C80035FD6E /* MoreSettingsViewController.swift */,
				002350731F4C21230035FD6E /* UIView+BlurEffect.swift */,
			);
			path = Palmerah;
			sourceTree = "<group>";
		};
		A72A23E21F0DBA6100D1F4CB /* PalmerahTests */ = {
			isa = PBXGroup;
			children = (
				A72A23E31F0DBA6100D1F4CB /* PalmerahTests.swift */,
				A72A23E51F0DBA6100D1F4CB /* Info.plist */,
			);
			path = PalmerahTests;
			sourceTree = "<group>";
		};
		A72A23ED1F0DBA6100D1F4CB /* PalmerahUITests */ = {
			isa = PBXGroup;
			children = (
				A72A23EE1F0DBA6100D1F4CB /* PalmerahUITests.swift */,
				A72A23F01F0DBA6100D1F4CB /* Info.plist */,
			);
			path = PalmerahUITests;
			sourceTree = "<group>";
		};
/* End PBXGroup section */

/* Begin PBXNativeTarget section */
		A72A23C71F0DBA6000D1F4CB /* Palmerah */ = {
			isa = PBXNativeTarget;
			buildConfigurationList = A72A23F31F0DBA6100D1F4CB /* Build configuration list for PBXNativeTarget "Palmerah" */;
			buildPhases = (
				A72A23C41F0DBA6000D1F4CB /* Sources */,
				A72A23C51F0DBA6000D1F4CB /* Frameworks */,
				A72A23C61F0DBA6000D1F4CB /* Resources */,
			);
			buildRules = (
			);
			dependencies = (
			);
			name = Palmerah;
			productName = Palmerah;
			productReference = A72A23C81F0DBA6000D1F4CB /* Palmerah.app */;
			productType = "com.apple.product-type.application";
		};
		A72A23DE1F0DBA6100D1F4CB /* PalmerahTests */ = {
			isa = PBXNativeTarget;
			buildConfigurationList = A72A23F61F0DBA6100D1F4CB /* Build configuration list for PBXNativeTarget "PalmerahTests" */;
			buildPhases = (
				A72A23DB1F0DBA6100D1F4CB /* Sources */,
				A72A23DC1F0DBA6100D1F4CB /* Frameworks */,
				A72A23DD1F0DBA6100D1F4CB /* Resources */,
			);
			buildRules = (
			);
			dependencies = (
				A72A23E11F0DBA6100D1F4CB /* PBXTargetDependency */,
			);
			name = PalmerahTests;
			productName = PalmerahTests;
			productReference = A72A23DF1F0DBA6100D1F4CB /* PalmerahTests.xctest */;
			productType = "com.apple.product-type.bundle.unit-test";
		};
		A72A23E91F0DBA6100D1F4CB /* PalmerahUITests */ = {
			isa = PBXNativeTarget;
			buildConfigurationList = A72A23F91F0DBA6100D1F4CB /* Build configuration list for PBXNativeTarget "PalmerahUITests" */;
			buildPhases = (
				A72A23E61F0DBA6100D1F4CB /* Sources */,
				A72A23E71F0DBA6100D1F4CB /* Frameworks */,
				A72A23E81F0DBA6100D1F4CB /* Resources */,
			);
			buildRules = (
			);
			dependencies = (
				A72A23EC1F0DBA6100D1F4CB /* PBXTargetDependency */,
			);
			name = PalmerahUITests;
			productName = PalmerahUITests;
			productReference = A72A23EA1F0DBA6100D1F4CB /* PalmerahUITests.xctest */;
			productType = "com.apple.product-type.bundle.ui-testing";
		};
/* End PBXNativeTarget section */

/* Begin PBXProject section */
		A72A23C01F0DBA6000D1F4CB /* Project object */ = {
			isa = PBXProject;
			attributes = {
				LastSwiftUpdateCheck = 0830;
				LastUpgradeCheck = 0830;
				ORGANIZATIONNAME = "Bobby Adi Prabowo";
				TargetAttributes = {
					A72A23C71F0DBA6000D1F4CB = {
						CreatedOnToolsVersion = 8.3.3;
						DevelopmentTeam = 3T7K23P798;
						ProvisioningStyle = Automatic;
					};
					A72A23DE1F0DBA6100D1F4CB = {
						CreatedOnToolsVersion = 8.3.3;
						DevelopmentTeam = 3T7K23P798;
						ProvisioningStyle = Automatic;
						TestTargetID = A72A23C71F0DBA6000D1F4CB;
					};
					A72A23E91F0DBA6100D1F4CB = {
						CreatedOnToolsVersion = 8.3.3;
						DevelopmentTeam = 3T7K23P798;
						ProvisioningStyle = Automatic;
						TestTargetID = A72A23C71F0DBA6000D1F4CB;
					};
				};
			};
			buildConfigurationList = A72A23C31F0DBA6000D1F4CB /* Build configuration list for PBXProject "Palmerah" */;
			compatibilityVersion = "Xcode 3.2";
			developmentRegion = English;
			hasScannedForEncodings = 0;
			knownRegions = (
				en,
				Base,
			);
			mainGroup = A72A23BF1F0DBA6000D1F4CB;
			productRefGroup = A72A23C91F0DBA6000D1F4CB /* Products */;
			projectDirPath = "";
			projectRoot = "";
			targets = (
				A72A23C71F0DBA6000D1F4CB /* Palmerah */,
				A72A23DE1F0DBA6100D1F4CB /* PalmerahTests */,
				A72A23E91F0DBA6100D1F4CB /* PalmerahUITests */,
			);
		};
/* End PBXProject section */

/* Begin PBXResourcesBuildPhase section */
		A72A23C61F0DBA6000D1F4CB /* Resources */ = {
			isa = PBXResourcesBuildPhase;
			buildActionMask = 2147483647;
			files = (
				A72A23D91F0DBA6100D1F4CB /* LaunchScreen.storyboard in Resources */,
				00C26E861F5150400070F474 /* Cartfile in Resources */,
				A72A23D61F0DBA6100D1F4CB /* Assets.xcassets in Resources */,
			);
			runOnlyForDeploymentPostprocessing = 0;
		};
		A72A23DD1F0DBA6100D1F4CB /* Resources */ = {
			isa = PBXResourcesBuildPhase;
			buildActionMask = 2147483647;
			files = (
			);
			runOnlyForDeploymentPostprocessing = 0;
		};
		A72A23E81F0DBA6100D1F4CB /* Resources */ = {
			isa = PBXResourcesBuildPhase;
			buildActionMask = 2147483647;
			files = (
			);
			runOnlyForDeploymentPostprocessing = 0;
		};
/* End PBXResourcesBuildPhase section */

/* Begin PBXSourcesBuildPhase section */
		A72A23C41F0DBA6000D1F4CB /* Sources */ = {
			isa = PBXSourcesBuildPhase;
			buildActionMask = 2147483647;
			files = (
				A72A23CE1F0DBA6100D1F4CB /* RecentsViewController.swift in Sources */,
				A70A416A1F370BBC00CB4A93 /* ContactsViewController.swift in Sources */,
				A7FE26441F2CF31200F3010E /* Friend+CoreDataClass.swift in Sources */,
				A751E6901F361A2B0080DD35 /* MainTabBarController.swift in Sources */,
				003F243B1F40A944000F7F0F /* UIColor+ChatColor.swift in Sources */,
				003F24391F40A49D000F7F0F /* Message+CoreDataProperties.swift in Sources */,
				A78084511F2E340A00EF07F9 /* ChatRoomViewController.swift in Sources */,
				A780844F1F2D0C7100EF07F9 /* FriendRepository.swift in Sources */,
				A72A23CC1F0DBA6000D1F4CB /* AppDelegate.swift in Sources */,
				A7FD2F271F10FD2D0024CA5A /* UIView+ConstraintWithFormat.swift in Sources */,
				0032F05D1F58F5C700043E08 /* Friend+CoreDataProperties.swift in Sources */,
				A70A416E1F38C0C200CB4A93 /* UIFont+SizeOfString.swift in Sources */,
				002350721F4BE1C80035FD6E /* MoreSettingsViewController.swift in Sources */,
				002350741F4C21230035FD6E /* UIView+BlurEffect.swift in Sources */,
				A7FE26421F2CF31200F3010E /* Message+CoreDataClass.swift in Sources */,
				A7B3B87C1F144C36000BB5FD /* RecentsViewControllerHelper.swift in Sources */,
				A72A23D41F0DBA6100D1F4CB /* Palmerah.xcdatamodeld in Sources */,
			);
			runOnlyForDeploymentPostprocessing = 0;
		};
		A72A23DB1F0DBA6100D1F4CB /* Sources */ = {
			isa = PBXSourcesBuildPhase;
			buildActionMask = 2147483647;
			files = (
				A72A23E41F0DBA6100D1F4CB /* PalmerahTests.swift in Sources */,
			);
			runOnlyForDeploymentPostprocessing = 0;
		};
		A72A23E61F0DBA6100D1F4CB /* Sources */ = {
			isa = PBXSourcesBuildPhase;
			buildActionMask = 2147483647;
			files = (
				A72A23EF1F0DBA6100D1F4CB /* PalmerahUITests.swift in Sources */,
			);
			runOnlyForDeploymentPostprocessing = 0;
		};
/* End PBXSourcesBuildPhase section */

/* Begin PBXTargetDependency section */
		A72A23E11F0DBA6100D1F4CB /* PBXTargetDependency */ = {
			isa = PBXTargetDependency;
			target = A72A23C71F0DBA6000D1F4CB /* Palmerah */;
			targetProxy = A72A23E01F0DBA6100D1F4CB /* PBXContainerItemProxy */;
		};
		A72A23EC1F0DBA6100D1F4CB /* PBXTargetDependency */ = {
			isa = PBXTargetDependency;
			target = A72A23C71F0DBA6000D1F4CB /* Palmerah */;
			targetProxy = A72A23EB1F0DBA6100D1F4CB /* PBXContainerItemProxy */;
		};
/* End PBXTargetDependency section */

/* Begin PBXVariantGroup section */
		A72A23D71F0DBA6100D1F4CB /* LaunchScreen.storyboard */ = {
			isa = PBXVariantGroup;
			children = (
				A72A23D81F0DBA6100D1F4CB /* Base */,
			);
			name = LaunchScreen.storyboard;
			sourceTree = "<group>";
		};
/* End PBXVariantGroup section */

/* Begin XCBuildConfiguration section */
		A72A23F11F0DBA6100D1F4CB /* Debug */ = {
			isa = XCBuildConfiguration;
			buildSettings = {
				ALWAYS_SEARCH_USER_PATHS = NO;
				CLANG_ANALYZER_NONNULL = YES;
				CLANG_ANALYZER_NUMBER_OBJECT_CONVERSION = YES_AGGRESSIVE;
				CLANG_CXX_LANGUAGE_STANDARD = "gnu++0x";
				CLANG_CXX_LIBRARY = "libc++";
				CLANG_ENABLE_MODULES = YES;
				CLANG_ENABLE_OBJC_ARC = YES;
				CLANG_WARN_BOOL_CONVERSION = YES;
				CLANG_WARN_CONSTANT_CONVERSION = YES;
				CLANG_WARN_DIRECT_OBJC_ISA_USAGE = YES_ERROR;
				CLANG_WARN_DOCUMENTATION_COMMENTS = YES;
				CLANG_WARN_EMPTY_BODY = YES;
				CLANG_WARN_ENUM_CONVERSION = YES;
				CLANG_WARN_INFINITE_RECURSION = YES;
				CLANG_WARN_INT_CONVERSION = YES;
				CLANG_WARN_OBJC_ROOT_CLASS = YES_ERROR;
				CLANG_WARN_SUSPICIOUS_MOVE = YES;
				CLANG_WARN_UNREACHABLE_CODE = YES;
				CLANG_WARN__DUPLICATE_METHOD_MATCH = YES;
				"CODE_SIGN_IDENTITY[sdk=iphoneos*]" = "iPhone Developer";
				COPY_PHASE_STRIP = NO;
				DEBUG_INFORMATION_FORMAT = dwarf;
				ENABLE_STRICT_OBJC_MSGSEND = YES;
				ENABLE_TESTABILITY = YES;
				GCC_C_LANGUAGE_STANDARD = gnu99;
				GCC_DYNAMIC_NO_PIC = NO;
				GCC_NO_COMMON_BLOCKS = YES;
				GCC_OPTIMIZATION_LEVEL = 0;
				GCC_PREPROCESSOR_DEFINITIONS = (
					"DEBUG=1",
					"$(inherited)",
				);
				GCC_WARN_64_TO_32_BIT_CONVERSION = YES;
				GCC_WARN_ABOUT_RETURN_TYPE = YES_ERROR;
				GCC_WARN_UNDECLARED_SELECTOR = YES;
				GCC_WARN_UNINITIALIZED_AUTOS = YES_AGGRESSIVE;
				GCC_WARN_UNUSED_FUNCTION = YES;
				GCC_WARN_UNUSED_VARIABLE = YES;
				IPHONEOS_DEPLOYMENT_TARGET = 10.3;
				MTL_ENABLE_DEBUG_INFO = YES;
				ONLY_ACTIVE_ARCH = YES;
				PRODUCT_BUNDLE_IDENTIFIER = "";
				SDKROOT = iphoneos;
				SWIFT_ACTIVE_COMPILATION_CONDITIONS = DEBUG;
				SWIFT_OPTIMIZATION_LEVEL = "-Onone";
				TARGETED_DEVICE_FAMILY = "1,2";
			};
			name = Debug;
		};
		A72A23F21F0DBA6100D1F4CB /* Release */ = {
			isa = XCBuildConfiguration;
			buildSettings = {
				ALWAYS_SEARCH_USER_PATHS = NO;
				CLANG_ANALYZER_NONNULL = YES;
				CLANG_ANALYZER_NUMBER_OBJECT_CONVERSION = YES_AGGRESSIVE;
				CLANG_CXX_LANGUAGE_STANDARD = "gnu++0x";
				CLANG_CXX_LIBRARY = "libc++";
				CLANG_ENABLE_MODULES = YES;
				CLANG_ENABLE_OBJC_ARC = YES;
				CLANG_WARN_BOOL_CONVERSION = YES;
				CLANG_WARN_CONSTANT_CONVERSION = YES;
				CLANG_WARN_DIRECT_OBJC_ISA_USAGE = YES_ERROR;
				CLANG_WARN_DOCUMENTATION_COMMENTS = YES;
				CLANG_WARN_EMPTY_BODY = YES;
				CLANG_WARN_ENUM_CONVERSION = YES;
				CLANG_WARN_INFINITE_RECURSION = YES;
				CLANG_WARN_INT_CONVERSION = YES;
				CLANG_WARN_OBJC_ROOT_CLASS = YES_ERROR;
				CLANG_WARN_SUSPICIOUS_MOVE = YES;
				CLANG_WARN_UNREACHABLE_CODE = YES;
				CLANG_WARN__DUPLICATE_METHOD_MATCH = YES;
				"CODE_SIGN_IDENTITY[sdk=iphoneos*]" = "iPhone Developer";
				COPY_PHASE_STRIP = NO;
				DEBUG_INFORMATION_FORMAT = "dwarf-with-dsym";
				ENABLE_NS_ASSERTIONS = NO;
				ENABLE_STRICT_OBJC_MSGSEND = YES;
				GCC_C_LANGUAGE_STANDARD = gnu99;
				GCC_NO_COMMON_BLOCKS = YES;
				GCC_WARN_64_TO_32_BIT_CONVERSION = YES;
				GCC_WARN_ABOUT_RETURN_TYPE = YES_ERROR;
				GCC_WARN_UNDECLARED_SELECTOR = YES;
				GCC_WARN_UNINITIALIZED_AUTOS = YES_AGGRESSIVE;
				GCC_WARN_UNUSED_FUNCTION = YES;
				GCC_WARN_UNUSED_VARIABLE = YES;
				IPHONEOS_DEPLOYMENT_TARGET = 10.3;
				MTL_ENABLE_DEBUG_INFO = NO;
				PRODUCT_BUNDLE_IDENTIFIER = "";
				SDKROOT = iphoneos;
				SWIFT_OPTIMIZATION_LEVEL = "-Owholemodule";
				TARGETED_DEVICE_FAMILY = "1,2";
				VALIDATE_PRODUCT = YES;
			};
			name = Release;
		};
		A72A23F41F0DBA6100D1F4CB /* Debug */ = {
			isa = XCBuildConfiguration;
			buildSettings = {
				ASSETCATALOG_COMPILER_APPICON_NAME = AppIcon;
				DEVELOPMENT_TEAM = 3T7K23P798;
				INFOPLIST_FILE = Palmerah/Info.plist;
				IPHONEOS_DEPLOYMENT_TARGET = 10.3;
				LD_RUNPATH_SEARCH_PATHS = "$(inherited) @executable_path/Frameworks";
				PRODUCT_BUNDLE_IDENTIFIER = com.arjunalabs.Palmerah;
				PRODUCT_NAME = "$(TARGET_NAME)";
				SWIFT_VERSION = 3.0;
			};
			name = Debug;
		};
		A72A23F51F0DBA6100D1F4CB /* Release */ = {
			isa = XCBuildConfiguration;
			buildSettings = {
				ASSETCATALOG_COMPILER_APPICON_NAME = AppIcon;
				DEVELOPMENT_TEAM = 3T7K23P798;
				INFOPLIST_FILE = Palmerah/Info.plist;
				IPHONEOS_DEPLOYMENT_TARGET = 10.3;
				LD_RUNPATH_SEARCH_PATHS = "$(inherited) @executable_path/Frameworks";
				PRODUCT_BUNDLE_IDENTIFIER = com.arjunalabs.Palmerah;
				PRODUCT_NAME = "$(TARGET_NAME)";
				SWIFT_VERSION = 3.0;
			};
			name = Release;
		};
		A72A23F71F0DBA6100D1F4CB /* Debug */ = {
			isa = XCBuildConfiguration;
			buildSettings = {
				ALWAYS_EMBED_SWIFT_STANDARD_LIBRARIES = YES;
				BUNDLE_LOADER = "$(TEST_HOST)";
				DEVELOPMENT_TEAM = 3T7K23P798;
				INFOPLIST_FILE = PalmerahTests/Info.plist;
				LD_RUNPATH_SEARCH_PATHS = "$(inherited) @executable_path/Frameworks @loader_path/Frameworks";
				PRODUCT_BUNDLE_IDENTIFIER = com.arjunalabs.PalmerahTests;
				PRODUCT_NAME = "$(TARGET_NAME)";
				SWIFT_VERSION = 3.0;
				TEST_HOST = "$(BUILT_PRODUCTS_DIR)/Palmerah.app/Palmerah";
			};
			name = Debug;
		};
		A72A23F81F0DBA6100D1F4CB /* Release */ = {
			isa = XCBuildConfiguration;
			buildSettings = {
				ALWAYS_EMBED_SWIFT_STANDARD_LIBRARIES = YES;
				BUNDLE_LOADER = "$(TEST_HOST)";
				DEVELOPMENT_TEAM = 3T7K23P798;
				INFOPLIST_FILE = PalmerahTests/Info.plist;
				LD_RUNPATH_SEARCH_PATHS = "$(inherited) @executable_path/Frameworks @loader_path/Frameworks";
				PRODUCT_BUNDLE_IDENTIFIER = com.arjunalabs.PalmerahTests;
				PRODUCT_NAME = "$(TARGET_NAME)";
				SWIFT_VERSION = 3.0;
				TEST_HOST = "$(BUILT_PRODUCTS_DIR)/Palmerah.app/Palmerah";
			};
			name = Release;
		};
		A72A23FA1F0DBA6100D1F4CB /* Debug */ = {
			isa = XCBuildConfiguration;
			buildSettings = {
				ALWAYS_EMBED_SWIFT_STANDARD_LIBRARIES = YES;
				DEVELOPMENT_TEAM = 3T7K23P798;
				INFOPLIST_FILE = PalmerahUITests/Info.plist;
				LD_RUNPATH_SEARCH_PATHS = "$(inherited) @executable_path/Frameworks @loader_path/Frameworks";
				PRODUCT_BUNDLE_IDENTIFIER = com.arjunalabs.PalmerahUITests;
				PRODUCT_NAME = "$(TARGET_NAME)";
				SWIFT_VERSION = 3.0;
				TEST_TARGET_NAME = Palmerah;
			};
			name = Debug;
		};
		A72A23FB1F0DBA6100D1F4CB /* Release */ = {
			isa = XCBuildConfiguration;
			buildSettings = {
				ALWAYS_EMBED_SWIFT_STANDARD_LIBRARIES = YES;
				DEVELOPMENT_TEAM = 3T7K23P798;
				INFOPLIST_FILE = PalmerahUITests/Info.plist;
				LD_RUNPATH_SEARCH_PATHS = "$(inherited) @executable_path/Frameworks @loader_path/Frameworks";
				PRODUCT_BUNDLE_IDENTIFIER = com.arjunalabs.PalmerahUITests;
				PRODUCT_NAME = "$(TARGET_NAME)";
				SWIFT_VERSION = 3.0;
				TEST_TARGET_NAME = Palmerah;
			};
			name = Release;
		};
/* End XCBuildConfiguration section */

/* Begin XCConfigurationList section */
		A72A23C31F0DBA6000D1F4CB /* Build configuration list for PBXProject "Palmerah" */ = {
			isa = XCConfigurationList;
			buildConfigurations = (
				A72A23F11F0DBA6100D1F4CB /* Debug */,
				A72A23F21F0DBA6100D1F4CB /* Release */,
			);
			defaultConfigurationIsVisible = 0;
			defaultConfigurationName = Release;
		};
		A72A23F31F0DBA6100D1F4CB /* Build configuration list for PBXNativeTarget "Palmerah" */ = {
			isa = XCConfigurationList;
			buildConfigurations = (
				A72A23F41F0DBA6100D1F4CB /* Debug */,
				A72A23F51F0DBA6100D1F4CB /* Release */,
			);
			defaultConfigurationIsVisible = 0;
			defaultConfigurationName = Release;
		};
		A72A23F61F0DBA6100D1F4CB /* Build configuration list for PBXNativeTarget "PalmerahTests" */ = {
			isa = XCConfigurationList;
			buildConfigurations = (
				A72A23F71F0DBA6100D1F4CB /* Debug */,
				A72A23F81F0DBA6100D1F4CB /* Release */,
			);
			defaultConfigurationIsVisible = 0;
			defaultConfigurationName = Release;
		};
		A72A23F91F0DBA6100D1F4CB /* Build configuration list for PBXNativeTarget "PalmerahUITests" */ = {
			isa = XCConfigurationList;
			buildConfigurations = (
				A72A23FA1F0DBA6100D1F4CB /* Debug */,
				A72A23FB1F0DBA6100D1F4CB /* Release */,
			);
			defaultConfigurationIsVisible = 0;
			defaultConfigurationName = Release;
		};
/* End XCConfigurationList section */

/* Begin XCVersionGroup section */
		A72A23D21F0DBA6100D1F4CB /* Palmerah.xcdatamodeld */ = {
			isa = XCVersionGroup;
			children = (
				A72A23D31F0DBA6100D1F4CB /* Palmerah.xcdatamodel */,
			);
			currentVersion = A72A23D31F0DBA6100D1F4CB /* Palmerah.xcdatamodel */;
			path = Palmerah.xcdatamodeld;
			sourceTree = "<group>";
			versionGroupType = wrapper.xcdatamodel;
		};
/* End XCVersionGroup section */
	};
	rootObject = A72A23C01F0DBA6000D1F4CB /* Project object */;
}
