// !$*UTF8*$!
{
	archiveVersion = 1;
	classes = {
	};
	objectVersion = 46;
	objects = {

/* Begin PBXBuildFile section */
		00003B1E1F6C2C2C00583354 /* String+FrameSize.swift in Sources */ = {isa = PBXBuildFile; fileRef = 00003B1D1F6C2C2C00583354 /* String+FrameSize.swift */; };
		002350721F4BE1C80035FD6E /* MoreSettingsViewController.swift in Sources */ = {isa = PBXBuildFile; fileRef = 002350711F4BE1C80035FD6E /* MoreSettingsViewController.swift */; };
		002350741F4C21230035FD6E /* UIView+BlurEffect.swift in Sources */ = {isa = PBXBuildFile; fileRef = 002350731F4C21230035FD6E /* UIView+BlurEffect.swift */; };
		0032F0651F59822500043E08 /* ChatRoomViewModel.swift in Sources */ = {isa = PBXBuildFile; fileRef = 0032F0641F59822500043E08 /* ChatRoomViewModel.swift */; };
		0032F0671F59826200043E08 /* ChatCell.swift in Sources */ = {isa = PBXBuildFile; fileRef = 0032F0661F59826200043E08 /* ChatCell.swift */; };
		0032F0691F59954C00043E08 /* MessageInputView.swift in Sources */ = {isa = PBXBuildFile; fileRef = 0032F0681F59954C00043E08 /* MessageInputView.swift */; };
		0032F06B1F59A3C000043E08 /* LastMessageCell.swift in Sources */ = {isa = PBXBuildFile; fileRef = 0032F06A1F59A3C000043E08 /* LastMessageCell.swift */; };
		0032F06D1F59AD1500043E08 /* ChatsViewModel.swift in Sources */ = {isa = PBXBuildFile; fileRef = 0032F06C1F59AD1500043E08 /* ChatsViewModel.swift */; };
		0032F06F1F59B56F00043E08 /* MessageRepository.swift in Sources */ = {isa = PBXBuildFile; fileRef = 0032F06E1F59B56E00043E08 /* MessageRepository.swift */; };
		003F243B1F40A944000F7F0F /* UIColor+ChatColor.swift in Sources */ = {isa = PBXBuildFile; fileRef = 003F243A1F40A944000F7F0F /* UIColor+ChatColor.swift */; };
		004369771F9CE7180076CC38 /* ChatMessageWithTimestampView.swift in Sources */ = {isa = PBXBuildFile; fileRef = 004369761F9CE7180076CC38 /* ChatMessageWithTimestampView.swift */; };
		007DB36B1F866ECC0077F7A8 /* RxCocoa.framework in Frameworks */ = {isa = PBXBuildFile; fileRef = 007DB3661F866ECC0077F7A8 /* RxCocoa.framework */; };
		007DB36C1F866ECC0077F7A8 /* RxSwift.framework in Frameworks */ = {isa = PBXBuildFile; fileRef = 007DB3671F866ECC0077F7A8 /* RxSwift.framework */; };
		00A206481F9E0C510086B4CE /* SwiftyLRU.swift in Sources */ = {isa = PBXBuildFile; fileRef = 00A206471F9E0C510086B4CE /* SwiftyLRU.swift */; };
		00A2064A1F9F9AF40086B4CE /* String+Emoticon.swift in Sources */ = {isa = PBXBuildFile; fileRef = 00A206491F9F9AF40086B4CE /* String+Emoticon.swift */; };
		00A2064C1F9FAAC80086B4CE /* NSAttributedString+FrameSize.swift in Sources */ = {isa = PBXBuildFile; fileRef = 00A2064B1F9FAAC80086B4CE /* NSAttributedString+FrameSize.swift */; };
		00A2064E1F9FAFE00086B4CE /* UIImage+Resize.swift in Sources */ = {isa = PBXBuildFile; fileRef = 00A2064D1F9FAFE00086B4CE /* UIImage+Resize.swift */; };
		00C26E861F5150400070F474 /* Cartfile in Resources */ = {isa = PBXBuildFile; fileRef = 00C26E851F5150400070F474 /* Cartfile */; };
		00DAC8EC1F6D971300A07930 /* Friend+CoreDataClass.swift in Sources */ = {isa = PBXBuildFile; fileRef = 00DAC8E81F6D971300A07930 /* Friend+CoreDataClass.swift */; };
		00DAC8ED1F6D971300A07930 /* Friend+CoreDataProperties.swift in Sources */ = {isa = PBXBuildFile; fileRef = 00DAC8E91F6D971300A07930 /* Friend+CoreDataProperties.swift */; };
		00DAC8EE1F6D971300A07930 /* Message+CoreDataClass.swift in Sources */ = {isa = PBXBuildFile; fileRef = 00DAC8EA1F6D971300A07930 /* Message+CoreDataClass.swift */; };
		00DAC8EF1F6D971300A07930 /* Message+CoreDataProperties.swift in Sources */ = {isa = PBXBuildFile; fileRef = 00DAC8EB1F6D971300A07930 /* Message+CoreDataProperties.swift */; };
		00E8A2FA1F987A08005866B9 /* ChatRoomView.swift in Sources */ = {isa = PBXBuildFile; fileRef = 00E8A2F91F987A08005866B9 /* ChatRoomView.swift */; };
		A70A416A1F370BBC00CB4A93 /* ContactsViewController.swift in Sources */ = {isa = PBXBuildFile; fileRef = A70A41691F370BBC00CB4A93 /* ContactsViewController.swift */; };
		A72A23CC1F0DBA6000D1F4CB /* AppDelegate.swift in Sources */ = {isa = PBXBuildFile; fileRef = A72A23CB1F0DBA6000D1F4CB /* AppDelegate.swift */; };
		A72A23CE1F0DBA6100D1F4CB /* ChatsViewController.swift in Sources */ = {isa = PBXBuildFile; fileRef = A72A23CD1F0DBA6100D1F4CB /* ChatsViewController.swift */; };
		A72A23D41F0DBA6100D1F4CB /* Palmerah.xcdatamodeld in Sources */ = {isa = PBXBuildFile; fileRef = A72A23D21F0DBA6100D1F4CB /* Palmerah.xcdatamodeld */; };
		A72A23D61F0DBA6100D1F4CB /* Assets.xcassets in Resources */ = {isa = PBXBuildFile; fileRef = A72A23D51F0DBA6100D1F4CB /* Assets.xcassets */; };
		A72A23D91F0DBA6100D1F4CB /* LaunchScreen.storyboard in Resources */ = {isa = PBXBuildFile; fileRef = A72A23D71F0DBA6100D1F4CB /* LaunchScreen.storyboard */; };
		A72A23E41F0DBA6100D1F4CB /* PalmerahTests.swift in Sources */ = {isa = PBXBuildFile; fileRef = A72A23E31F0DBA6100D1F4CB /* PalmerahTests.swift */; };
		A72A23EF1F0DBA6100D1F4CB /* PalmerahUITests.swift in Sources */ = {isa = PBXBuildFile; fileRef = A72A23EE1F0DBA6100D1F4CB /* PalmerahUITests.swift */; };
		A751E6901F361A2B0080DD35 /* MainTabBarController.swift in Sources */ = {isa = PBXBuildFile; fileRef = A751E68F1F361A2B0080DD35 /* MainTabBarController.swift */; };
		A780844F1F2D0C7100EF07F9 /* FriendRepository.swift in Sources */ = {isa = PBXBuildFile; fileRef = A780844E1F2D0C7100EF07F9 /* FriendRepository.swift */; };
		A78084511F2E340A00EF07F9 /* ChatRoomViewController.swift in Sources */ = {isa = PBXBuildFile; fileRef = A78084501F2E340A00EF07F9 /* ChatRoomViewController.swift */; };
		A7B3B87C1F144C36000BB5FD /* Seeder.swift in Sources */ = {isa = PBXBuildFile; fileRef = A7B3B87B1F144C36000BB5FD /* Seeder.swift */; };
		A7FD2F271F10FD2D0024CA5A /* UIView+ConstraintWithFormat.swift in Sources */ = {isa = PBXBuildFile; fileRef = A7FD2F261F10FD2D0024CA5A /* UIView+ConstraintWithFormat.swift */; };
/* End PBXBuildFile section */

/* Begin PBXContainerItemProxy section */
		A72A23E01F0DBA6100D1F4CB /* PBXContainerItemProxy */ = {
			isa = PBXContainerItemProxy;
			containerPortal = A72A23C01F0DBA6000D1F4CB /* Project object */;
			proxyType = 1;
			remoteGlobalIDString = A72A23C71F0DBA6000D1F4CB;
			remoteInfo = Palmerah;
		};
		A72A23EB1F0DBA6100D1F4CB /* PBXContainerItemProxy */ = {
			isa = PBXContainerItemProxy;
			containerPortal = A72A23C01F0DBA6000D1F4CB /* Project object */;
			proxyType = 1;
			remoteGlobalIDString = A72A23C71F0DBA6000D1F4CB;
			remoteInfo = Palmerah;
		};
/* End PBXContainerItemProxy section */

/* Begin PBXFileReference section */
		00003B1D1F6C2C2C00583354 /* String+FrameSize.swift */ = {isa = PBXFileReference; lastKnownFileType = sourcecode.swift; path = "String+FrameSize.swift"; sourceTree = "<group>"; };
		002350711F4BE1C80035FD6E /* MoreSettingsViewController.swift */ = {isa = PBXFileReference; fileEncoding = 4; lastKnownFileType = sourcecode.swift; path = MoreSettingsViewController.swift; sourceTree = "<group>"; };
		002350731F4C21230035FD6E /* UIView+BlurEffect.swift */ = {isa = PBXFileReference; fileEncoding = 4; lastKnownFileType = sourcecode.swift; path = "UIView+BlurEffect.swift"; sourceTree = "<group>"; };
		0032F0641F59822500043E08 /* ChatRoomViewModel.swift */ = {isa = PBXFileReference; fileEncoding = 4; lastKnownFileType = sourcecode.swift; path = ChatRoomViewModel.swift; sourceTree = "<group>"; };
		0032F0661F59826200043E08 /* ChatCell.swift */ = {isa = PBXFileReference; fileEncoding = 4; lastKnownFileType = sourcecode.swift; path = ChatCell.swift; sourceTree = "<group>"; };
		0032F0681F59954C00043E08 /* MessageInputView.swift */ = {isa = PBXFileReference; fileEncoding = 4; lastKnownFileType = sourcecode.swift; path = MessageInputView.swift; sourceTree = "<group>"; };
		0032F06A1F59A3C000043E08 /* LastMessageCell.swift */ = {isa = PBXFileReference; fileEncoding = 4; lastKnownFileType = sourcecode.swift; path = LastMessageCell.swift; sourceTree = "<group>"; };
		0032F06C1F59AD1500043E08 /* ChatsViewModel.swift */ = {isa = PBXFileReference; fileEncoding = 4; lastKnownFileType = sourcecode.swift; path = ChatsViewModel.swift; sourceTree = "<group>"; };
		0032F06E1F59B56E00043E08 /* MessageRepository.swift */ = {isa = PBXFileReference; fileEncoding = 4; lastKnownFileType = sourcecode.swift; path = MessageRepository.swift; sourceTree = "<group>"; };
		003F243A1F40A944000F7F0F /* UIColor+ChatColor.swift */ = {isa = PBXFileReference; fileEncoding = 4; lastKnownFileType = sourcecode.swift; path = "UIColor+ChatColor.swift"; sourceTree = "<group>"; };
		004369761F9CE7180076CC38 /* ChatMessageWithTimestampView.swift */ = {isa = PBXFileReference; lastKnownFileType = sourcecode.swift; path = ChatMessageWithTimestampView.swift; sourceTree = "<group>"; };
		007DB3631F866ECC0077F7A8 /* RxBlocking.framework */ = {isa = PBXFileReference; lastKnownFileType = wrapper.framework; name = RxBlocking.framework; path = Carthage/Build/iOS/RxBlocking.framework; sourceTree = "<group>"; };
		007DB3641F866ECC0077F7A8 /* RxTest.framework */ = {isa = PBXFileReference; lastKnownFileType = wrapper.framework; name = RxTest.framework; path = Carthage/Build/iOS/RxTest.framework; sourceTree = "<group>"; };
		007DB3651F866ECC0077F7A8 /* Starscream.framework */ = {isa = PBXFileReference; lastKnownFileType = wrapper.framework; name = Starscream.framework; path = Carthage/Build/iOS/Starscream.framework; sourceTree = "<group>"; };
		007DB3661F866ECC0077F7A8 /* RxCocoa.framework */ = {isa = PBXFileReference; lastKnownFileType = wrapper.framework; name = RxCocoa.framework; path = Carthage/Build/iOS/RxCocoa.framework; sourceTree = "<group>"; };
		007DB3671F866ECC0077F7A8 /* RxSwift.framework */ = {isa = PBXFileReference; lastKnownFileType = wrapper.framework; name = RxSwift.framework; path = Carthage/Build/iOS/RxSwift.framework; sourceTree = "<group>"; };
		00A206471F9E0C510086B4CE /* SwiftyLRU.swift */ = {isa = PBXFileReference; lastKnownFileType = sourcecode.swift; path = SwiftyLRU.swift; sourceTree = "<group>"; };
		00A206491F9F9AF40086B4CE /* String+Emoticon.swift */ = {isa = PBXFileReference; lastKnownFileType = sourcecode.swift; path = "String+Emoticon.swift"; sourceTree = "<group>"; };
		00A2064B1F9FAAC80086B4CE /* NSAttributedString+FrameSize.swift */ = {isa = PBXFileReference; lastKnownFileType = sourcecode.swift; path = "NSAttributedString+FrameSize.swift"; sourceTree = "<group>"; };
		00A2064D1F9FAFE00086B4CE /* UIImage+Resize.swift */ = {isa = PBXFileReference; lastKnownFileType = sourcecode.swift; path = "UIImage+Resize.swift"; sourceTree = "<group>"; };
		00C26E851F5150400070F474 /* Cartfile */ = {isa = PBXFileReference; fileEncoding = 4; lastKnownFileType = text; path = Cartfile; sourceTree = "<group>"; };
		00DAC8E81F6D971300A07930 /* Friend+CoreDataClass.swift */ = {isa = PBXFileReference; lastKnownFileType = sourcecode.swift; path = "Friend+CoreDataClass.swift"; sourceTree = "<group>"; };
		00DAC8E91F6D971300A07930 /* Friend+CoreDataProperties.swift */ = {isa = PBXFileReference; lastKnownFileType = sourcecode.swift; path = "Friend+CoreDataProperties.swift"; sourceTree = "<group>"; };
		00DAC8EA1F6D971300A07930 /* Message+CoreDataClass.swift */ = {isa = PBXFileReference; lastKnownFileType = sourcecode.swift; path = "Message+CoreDataClass.swift"; sourceTree = "<group>"; };
		00DAC8EB1F6D971300A07930 /* Message+CoreDataProperties.swift */ = {isa = PBXFileReference; lastKnownFileType = sourcecode.swift; path = "Message+CoreDataProperties.swift"; sourceTree = "<group>"; };
		00E8A2F91F987A08005866B9 /* ChatRoomView.swift */ = {isa = PBXFileReference; lastKnownFileType = sourcecode.swift; path = ChatRoomView.swift; sourceTree = "<group>"; };
		A70A41691F370BBC00CB4A93 /* ContactsViewController.swift */ = {isa = PBXFileReference; fileEncoding = 4; lastKnownFileType = sourcecode.swift; path = ContactsViewController.swift; sourceTree = "<group>"; };
		A72A23C81F0DBA6000D1F4CB /* Palmerah.app */ = {isa = PBXFileReference; explicitFileType = wrapper.application; includeInIndex = 0; path = Palmerah.app; sourceTree = BUILT_PRODUCTS_DIR; };
		A72A23CB1F0DBA6000D1F4CB /* AppDelegate.swift */ = {isa = PBXFileReference; lastKnownFileType = sourcecode.swift; path = AppDelegate.swift; sourceTree = "<group>"; };
		A72A23CD1F0DBA6100D1F4CB /* ChatsViewController.swift */ = {isa = PBXFileReference; lastKnownFileType = sourcecode.swift; path = ChatsViewController.swift; sourceTree = "<group>"; };
		A72A23D31F0DBA6100D1F4CB /* Palmerah.xcdatamodel */ = {isa = PBXFileReference; lastKnownFileType = wrapper.xcdatamodel; path = Palmerah.xcdatamodel; sourceTree = "<group>"; };
		A72A23D51F0DBA6100D1F4CB /* Assets.xcassets */ = {isa = PBXFileReference; lastKnownFileType = folder.assetcatalog; path = Assets.xcassets; sourceTree = "<group>"; };
		A72A23D81F0DBA6100D1F4CB /* Base */ = {isa = PBXFileReference; lastKnownFileType = file.storyboard; name = Base; path = Base.lproj/LaunchScreen.storyboard; sourceTree = "<group>"; };
		A72A23DA1F0DBA6100D1F4CB /* Info.plist */ = {isa = PBXFileReference; lastKnownFileType = text.plist.xml; path = Info.plist; sourceTree = "<group>"; };
		A72A23DF1F0DBA6100D1F4CB /* PalmerahTests.xctest */ = {isa = PBXFileReference; explicitFileType = wrapper.cfbundle; includeInIndex = 0; path = PalmerahTests.xctest; sourceTree = BUILT_PRODUCTS_DIR; };
		A72A23E31F0DBA6100D1F4CB /* PalmerahTests.swift */ = {isa = PBXFileReference; lastKnownFileType = sourcecode.swift; path = PalmerahTests.swift; sourceTree = "<group>"; };
		A72A23E51F0DBA6100D1F4CB /* Info.plist */ = {isa = PBXFileReference; lastKnownFileType = text.plist.xml; path = Info.plist; sourceTree = "<group>"; };
		A72A23EA1F0DBA6100D1F4CB /* PalmerahUITests.xctest */ = {isa = PBXFileReference; explicitFileType = wrapper.cfbundle; includeInIndex = 0; path = PalmerahUITests.xctest; sourceTree = BUILT_PRODUCTS_DIR; };
		A72A23EE1F0DBA6100D1F4CB /* PalmerahUITests.swift */ = {isa = PBXFileReference; lastKnownFileType = sourcecode.swift; path = PalmerahUITests.swift; sourceTree = "<group>"; };
		A72A23F01F0DBA6100D1F4CB /* Info.plist */ = {isa = PBXFileReference; lastKnownFileType = text.plist.xml; path = Info.plist; sourceTree = "<group>"; };
		A751E68F1F361A2B0080DD35 /* MainTabBarController.swift */ = {isa = PBXFileReference; fileEncoding = 4; lastKnownFileType = sourcecode.swift; path = MainTabBarController.swift; sourceTree = "<group>"; };
		A780844E1F2D0C7100EF07F9 /* FriendRepository.swift */ = {isa = PBXFileReference; fileEncoding = 4; lastKnownFileType = sourcecode.swift; path = FriendRepository.swift; sourceTree = "<group>"; };
		A78084501F2E340A00EF07F9 /* ChatRoomViewController.swift */ = {isa = PBXFileReference; fileEncoding = 4; lastKnownFileType = sourcecode.swift; path = ChatRoomViewController.swift; sourceTree = "<group>"; };
		A7B3B87B1F144C36000BB5FD /* Seeder.swift */ = {isa = PBXFileReference; fileEncoding = 4; lastKnownFileType = sourcecode.swift; path = Seeder.swift; sourceTree = "<group>"; };
		A7FD2F261F10FD2D0024CA5A /* UIView+ConstraintWithFormat.swift */ = {isa = PBXFileReference; fileEncoding = 4; lastKnownFileType = sourcecode.swift; path = "UIView+ConstraintWithFormat.swift"; sourceTree = "<group>"; };
/* End PBXFileReference section */

/* Begin PBXFrameworksBuildPhase section */
		A72A23C51F0DBA6000D1F4CB /* Frameworks */ = {
			isa = PBXFrameworksBuildPhase;
			buildActionMask = 2147483647;
			files = (
				007DB36B1F866ECC0077F7A8 /* RxCocoa.framework in Frameworks */,
				007DB36C1F866ECC0077F7A8 /* RxSwift.framework in Frameworks */,
			);
			runOnlyForDeploymentPostprocessing = 0;
		};
		A72A23DC1F0DBA6100D1F4CB /* Frameworks */ = {
			isa = PBXFrameworksBuildPhase;
			buildActionMask = 2147483647;
			files = (
			);
			runOnlyForDeploymentPostprocessing = 0;
		};
		A72A23E71F0DBA6100D1F4CB /* Frameworks */ = {
			isa = PBXFrameworksBuildPhase;
			buildActionMask = 2147483647;
			files = (
			);
			runOnlyForDeploymentPostprocessing = 0;
		};
/* End PBXFrameworksBuildPhase section */

/* Begin PBXGroup section */
		0032F05E1F59814C00043E08 /* Chats */ = {
			isa = PBXGroup;
			children = (
				A72A23CD1F0DBA6100D1F4CB /* ChatsViewController.swift */,
				0032F06A1F59A3C000043E08 /* LastMessageCell.swift */,
				0032F06C1F59AD1500043E08 /* ChatsViewModel.swift */,
			);
			name = Chats;
			sourceTree = "<group>";
		};
		0032F05F1F59816400043E08 /* ChatRoom */ = {
			isa = PBXGroup;
			children = (
				004369761F9CE7180076CC38 /* ChatMessageWithTimestampView.swift */,
				A78084501F2E340A00EF07F9 /* ChatRoomViewController.swift */,
				0032F0641F59822500043E08 /* ChatRoomViewModel.swift */,
				0032F0661F59826200043E08 /* ChatCell.swift */,
				0032F0681F59954C00043E08 /* MessageInputView.swift */,
				00E8A2F91F987A08005866B9 /* ChatRoomView.swift */,
			);
			name = ChatRoom;
			sourceTree = "<group>";
		};
		0032F0601F59816D00043E08 /* Contacts */ = {
			isa = PBXGroup;
			children = (
				A70A41691F370BBC00CB4A93 /* ContactsViewController.swift */,
			);
			name = Contacts;
			sourceTree = "<group>";
		};
		0032F0611F59817800043E08 /* Settings */ = {
			isa = PBXGroup;
			children = (
				002350711F4BE1C80035FD6E /* MoreSettingsViewController.swift */,
			);
			name = Settings;
			sourceTree = "<group>";
		};
		0032F0621F59818B00043E08 /* Model */ = {
			isa = PBXGroup;
			children = (
				00DAC8E81F6D971300A07930 /* Friend+CoreDataClass.swift */,
				00DAC8E91F6D971300A07930 /* Friend+CoreDataProperties.swift */,
				00DAC8EA1F6D971300A07930 /* Message+CoreDataClass.swift */,
				00DAC8EB1F6D971300A07930 /* Message+CoreDataProperties.swift */,
				A780844E1F2D0C7100EF07F9 /* FriendRepository.swift */,
				0032F06E1F59B56E00043E08 /* MessageRepository.swift */,
			);
			name = Model;
			sourceTree = "<group>";
		};
		0032F0631F5981BB00043E08 /* Utility */ = {
			isa = PBXGroup;
			children = (
				A7FD2F261F10FD2D0024CA5A /* UIView+ConstraintWithFormat.swift */,
				003F243A1F40A944000F7F0F /* UIColor+ChatColor.swift */,
				002350731F4C21230035FD6E /* UIView+BlurEffect.swift */,
				00003B1D1F6C2C2C00583354 /* String+FrameSize.swift */,
				00A206471F9E0C510086B4CE /* SwiftyLRU.swift */,
				00A206491F9F9AF40086B4CE /* String+Emoticon.swift */,
				00A2064B1F9FAAC80086B4CE /* NSAttributedString+FrameSize.swift */,
				00A2064D1F9FAFE00086B4CE /* UIImage+Resize.swift */,
			);
			name = Utility;
			sourceTree = "<group>";
		};
		007DB3621F866ECB0077F7A8 /* Frameworks */ = {
			isa = PBXGroup;
			children = (
				007DB3631F866ECC0077F7A8 /* RxBlocking.framework */,
				007DB3661F866ECC0077F7A8 /* RxCocoa.framework */,
				007DB3671F866ECC0077F7A8 /* RxSwift.framework */,
				007DB3641F866ECC0077F7A8 /* RxTest.framework */,
				007DB3651F866ECC0077F7A8 /* Starscream.framework */,
			);
			name = Frameworks;
			sourceTree = "<group>";
		};
		A72A23BF1F0DBA6000D1F4CB = {
			isa = PBXGroup;
			children = (
				00C26E851F5150400070F474 /* Cartfile */,
				A72A23CA1F0DBA6000D1F4CB /* Palmerah */,
				A72A23ED1F0DBA6100D1F4CB /* PalmerahUITests */,
				A72A23C91F0DBA6000D1F4CB /* Products */,
				A72A23E21F0DBA6100D1F4CB /* PalmerahTests */,
				007DB3621F866ECB0077F7A8 /* Frameworks */,
			);
			sourceTree = "<group>";
		};
		A72A23C91F0DBA6000D1F4CB /* Products */ = {
			isa = PBXGroup;
			children = (
				A72A23C81F0DBA6000D1F4CB /* Palmerah.app */,
				A72A23DF1F0DBA6100D1F4CB /* PalmerahTests.xctest */,
				A72A23EA1F0DBA6100D1F4CB /* PalmerahUITests.xctest */,
			);
			name = Products;
			sourceTree = "<group>";
		};
		A72A23CA1F0DBA6000D1F4CB /* Palmerah */ = {
			isa = PBXGroup;
			children = (
				0032F0631F5981BB00043E08 /* Utility */,
				0032F0621F59818B00043E08 /* Model */,
				0032F0611F59817800043E08 /* Settings */,
				0032F0601F59816D00043E08 /* Contacts */,
				0032F05F1F59816400043E08 /* ChatRoom */,
				0032F05E1F59814C00043E08 /* Chats */,
				A72A23CB1F0DBA6000D1F4CB /* AppDelegate.swift */,
				A72A23D51F0DBA6100D1F4CB /* Assets.xcassets */,
				A72A23DA1F0DBA6100D1F4CB /* Info.plist */,
				A72A23D21F0DBA6100D1F4CB /* Palmerah.xcdatamodeld */,
				A72A23D71F0DBA6100D1F4CB /* LaunchScreen.storyboard */,
				A7B3B87B1F144C36000BB5FD /* Seeder.swift */,
				A751E68F1F361A2B0080DD35 /* MainTabBarController.swift */,
			);
			path = Palmerah;
			sourceTree = "<group>";
		};
		A72A23E21F0DBA6100D1F4CB /* PalmerahTests */ = {
			isa = PBXGroup;
			children = (
				A72A23E31F0DBA6100D1F4CB /* PalmerahTests.swift */,
				A72A23E51F0DBA6100D1F4CB /* Info.plist */,
			);
			path = PalmerahTests;
			sourceTree = "<group>";
		};
		A72A23ED1F0DBA6100D1F4CB /* PalmerahUITests */ = {
			isa = PBXGroup;
			children = (
				A72A23EE1F0DBA6100D1F4CB /* PalmerahUITests.swift */,
				A72A23F01F0DBA6100D1F4CB /* Info.plist */,
			);
			path = PalmerahUITests;
			sourceTree = "<group>";
		};
/* End PBXGroup section */

/* Begin PBXNativeTarget section */
		A72A23C71F0DBA6000D1F4CB /* Palmerah */ = {
			isa = PBXNativeTarget;
			buildConfigurationList = A72A23F31F0DBA6100D1F4CB /* Build configuration list for PBXNativeTarget "Palmerah" */;
			buildPhases = (
				A72A23C41F0DBA6000D1F4CB /* Sources */,
				A72A23C51F0DBA6000D1F4CB /* Frameworks */,
				A72A23C61F0DBA6000D1F4CB /* Resources */,
				007DB37B1F86FF930077F7A8 /* ShellScript */,
			);
			buildRules = (
			);
			dependencies = (
			);
			name = Palmerah;
			productName = Palmerah;
			productReference = A72A23C81F0DBA6000D1F4CB /* Palmerah.app */;
			productType = "com.apple.product-type.application";
		};
		A72A23DE1F0DBA6100D1F4CB /* PalmerahTests */ = {
			isa = PBXNativeTarget;
			buildConfigurationList = A72A23F61F0DBA6100D1F4CB /* Build configuration list for PBXNativeTarget "PalmerahTests" */;
			buildPhases = (
				A72A23DB1F0DBA6100D1F4CB /* Sources */,
				A72A23DC1F0DBA6100D1F4CB /* Frameworks */,
				A72A23DD1F0DBA6100D1F4CB /* Resources */,
			);
			buildRules = (
			);
			dependencies = (
				A72A23E11F0DBA6100D1F4CB /* PBXTargetDependency */,
			);
			name = PalmerahTests;
			productName = PalmerahTests;
			productReference = A72A23DF1F0DBA6100D1F4CB /* PalmerahTests.xctest */;
			productType = "com.apple.product-type.bundle.unit-test";
		};
		A72A23E91F0DBA6100D1F4CB /* PalmerahUITests */ = {
			isa = PBXNativeTarget;
			buildConfigurationList = A72A23F91F0DBA6100D1F4CB /* Build configuration list for PBXNativeTarget "PalmerahUITests" */;
			buildPhases = (
				A72A23E61F0DBA6100D1F4CB /* Sources */,
				A72A23E71F0DBA6100D1F4CB /* Frameworks */,
				A72A23E81F0DBA6100D1F4CB /* Resources */,
			);
			buildRules = (
			);
			dependencies = (
				A72A23EC1F0DBA6100D1F4CB /* PBXTargetDependency */,
			);
			name = PalmerahUITests;
			productName = PalmerahUITests;
			productReference = A72A23EA1F0DBA6100D1F4CB /* PalmerahUITests.xctest */;
			productType = "com.apple.product-type.bundle.ui-testing";
		};
/* End PBXNativeTarget section */

/* Begin PBXProject section */
		A72A23C01F0DBA6000D1F4CB /* Project object */ = {
			isa = PBXProject;
			attributes = {
				LastSwiftUpdateCheck = 0830;
				LastUpgradeCheck = 0900;
				ORGANIZATIONNAME = "Bobby Adi Prabowo";
				TargetAttributes = {
					A72A23C71F0DBA6000D1F4CB = {
						CreatedOnToolsVersion = 8.3.3;
						DevelopmentTeam = 3T7K23P798;
						LastSwiftMigration = 0900;
						ProvisioningStyle = Automatic;
					};
					A72A23DE1F0DBA6100D1F4CB = {
						CreatedOnToolsVersion = 8.3.3;
						DevelopmentTeam = 3T7K23P798;
						LastSwiftMigration = 0900;
						ProvisioningStyle = Automatic;
						TestTargetID = A72A23C71F0DBA6000D1F4CB;
					};
					A72A23E91F0DBA6100D1F4CB = {
						CreatedOnToolsVersion = 8.3.3;
						DevelopmentTeam = 3T7K23P798;
						LastSwiftMigration = 0900;
						ProvisioningStyle = Automatic;
						TestTargetID = A72A23C71F0DBA6000D1F4CB;
					};
				};
			};
			buildConfigurationList = A72A23C31F0DBA6000D1F4CB /* Build configuration list for PBXProject "Palmerah" */;
			compatibilityVersion = "Xcode 3.2";
			developmentRegion = English;
			hasScannedForEncodings = 0;
			knownRegions = (
				en,
				Base,
			);
			mainGroup = A72A23BF1F0DBA6000D1F4CB;
			productRefGroup = A72A23C91F0DBA6000D1F4CB /* Products */;
			projectDirPath = "";
			projectRoot = "";
			targets = (
				A72A23C71F0DBA6000D1F4CB /* Palmerah */,
				A72A23DE1F0DBA6100D1F4CB /* PalmerahTests */,
				A72A23E91F0DBA6100D1F4CB /* PalmerahUITests */,
			);
		};
/* End PBXProject section */

/* Begin PBXResourcesBuildPhase section */
		A72A23C61F0DBA6000D1F4CB /* Resources */ = {
			isa = PBXResourcesBuildPhase;
			buildActionMask = 2147483647;
			files = (
				A72A23D91F0DBA6100D1F4CB /* LaunchScreen.storyboard in Resources */,
				00C26E861F5150400070F474 /* Cartfile in Resources */,
				A72A23D61F0DBA6100D1F4CB /* Assets.xcassets in Resources */,
			);
			runOnlyForDeploymentPostprocessing = 0;
		};
		A72A23DD1F0DBA6100D1F4CB /* Resources */ = {
			isa = PBXResourcesBuildPhase;
			buildActionMask = 2147483647;
			files = (
			);
			runOnlyForDeploymentPostprocessing = 0;
		};
		A72A23E81F0DBA6100D1F4CB /* Resources */ = {
			isa = PBXResourcesBuildPhase;
			buildActionMask = 2147483647;
			files = (
			);
			runOnlyForDeploymentPostprocessing = 0;
		};
/* End PBXResourcesBuildPhase section */

/* Begin PBXShellScriptBuildPhase section */
		007DB37B1F86FF930077F7A8 /* ShellScript */ = {
			isa = PBXShellScriptBuildPhase;
			buildActionMask = 2147483647;
			files = (
			);
			inputPaths = (
				"$(SRCROOT)/Carthage/Build/iOS/RxSwift.framework",
				"$(SRCROOT)/Carthage/Build/iOS/RxCocoa.framework",
			);
			outputPaths = (
				"$(BUILT_PRODUCTS_DIR)/$(FRAMEWORKS_FOLDER_PATH)/RxSwift.framework",
				"$(BUILT_PRODUCTS_DIR)/$(FRAMEWORKS_FOLDER_PATH)/RxCocoa.framework",
			);
			runOnlyForDeploymentPostprocessing = 0;
			shellPath = /bin/sh;
			shellScript = "/usr/local/bin/carthage copy-frameworks";
		};
/* End PBXShellScriptBuildPhase section */

/* Begin PBXSourcesBuildPhase section */
		A72A23C41F0DBA6000D1F4CB /* Sources */ = {
			isa = PBXSourcesBuildPhase;
			buildActionMask = 2147483647;
			files = (
				A72A23CE1F0DBA6100D1F4CB /* ChatsViewController.swift in Sources */,
				00DAC8EC1F6D971300A07930 /* Friend+CoreDataClass.swift in Sources */,
				00A2064C1F9FAAC80086B4CE /* NSAttributedString+FrameSize.swift in Sources */,
				0032F0651F59822500043E08 /* ChatRoomViewModel.swift in Sources */,
				A70A416A1F370BBC00CB4A93 /* ContactsViewController.swift in Sources */,
				0032F06D1F59AD1500043E08 /* ChatsViewModel.swift in Sources */,
				00E8A2FA1F987A08005866B9 /* ChatRoomView.swift in Sources */,
				0032F0671F59826200043E08 /* ChatCell.swift in Sources */,
				A751E6901F361A2B0080DD35 /* MainTabBarController.swift in Sources */,
				003F243B1F40A944000F7F0F /* UIColor+ChatColor.swift in Sources */,
				00A206481F9E0C510086B4CE /* SwiftyLRU.swift in Sources */,
				A78084511F2E340A00EF07F9 /* ChatRoomViewController.swift in Sources */,
				00DAC8EE1F6D971300A07930 /* Message+CoreDataClass.swift in Sources */,
				00A2064A1F9F9AF40086B4CE /* String+Emoticon.swift in Sources */,
				A780844F1F2D0C7100EF07F9 /* FriendRepository.swift in Sources */,
				A72A23CC1F0DBA6000D1F4CB /* AppDelegate.swift in Sources */,
				A7FD2F271F10FD2D0024CA5A /* UIView+ConstraintWithFormat.swift in Sources */,
				002350721F4BE1C80035FD6E /* MoreSettingsViewController.swift in Sources */,
				00003B1E1F6C2C2C00583354 /* String+FrameSize.swift in Sources */,
				002350741F4C21230035FD6E /* UIView+BlurEffect.swift in Sources */,
				0032F06F1F59B56F00043E08 /* MessageRepository.swift in Sources */,
				0032F0691F59954C00043E08 /* MessageInputView.swift in Sources */,
				A7B3B87C1F144C36000BB5FD /* Seeder.swift in Sources */,
				0032F06B1F59A3C000043E08 /* LastMessageCell.swift in Sources */,
				00A2064E1F9FAFE00086B4CE /* UIImage+Resize.swift in Sources */,
				A72A23D41F0DBA6100D1F4CB /* Palmerah.xcdatamodeld in Sources */,
				00DAC8EF1F6D971300A07930 /* Message+CoreDataProperties.swift in Sources */,
				004369771F9CE7180076CC38 /* ChatMessageWithTimestampView.swift in Sources */,
				00DAC8ED1F6D971300A07930 /* Friend+CoreDataProperties.swift in Sources */,
			);
			runOnlyForDeploymentPostprocessing = 0;
		};
		A72A23DB1F0DBA6100D1F4CB /* Sources */ = {
			isa = PBXSourcesBuildPhase;
			buildActionMask = 2147483647;
			files = (
				A72A23E41F0DBA6100D1F4CB /* PalmerahTests.swift in Sources */,
			);
			runOnlyForDeploymentPostprocessing = 0;
		};
		A72A23E61F0DBA6100D1F4CB /* Sources */ = {
			isa = PBXSourcesBuildPhase;
			buildActionMask = 2147483647;
			files = (
				A72A23EF1F0DBA6100D1F4CB /* PalmerahUITests.swift in Sources */,
			);
			runOnlyForDeploymentPostprocessing = 0;
		};
/* End PBXSourcesBuildPhase section */

/* Begin PBXTargetDependency section */
		A72A23E11F0DBA6100D1F4CB /* PBXTargetDependency */ = {
			isa = PBXTargetDependency;
			target = A72A23C71F0DBA6000D1F4CB /* Palmerah */;
			targetProxy = A72A23E01F0DBA6100D1F4CB /* PBXContainerItemProxy */;
		};
		A72A23EC1F0DBA6100D1F4CB /* PBXTargetDependency */ = {
			isa = PBXTargetDependency;
			target = A72A23C71F0DBA6000D1F4CB /* Palmerah */;
			targetProxy = A72A23EB1F0DBA6100D1F4CB /* PBXContainerItemProxy */;
		};
/* End PBXTargetDependency section */

/* Begin PBXVariantGroup section */
		A72A23D71F0DBA6100D1F4CB /* LaunchScreen.storyboard */ = {
			isa = PBXVariantGroup;
			children = (
				A72A23D81F0DBA6100D1F4CB /* Base */,
			);
			name = LaunchScreen.storyboard;
			sourceTree = "<group>";
		};
/* End PBXVariantGroup section */

/* Begin XCBuildConfiguration section */
		A72A23F11F0DBA6100D1F4CB /* Debug */ = {
			isa = XCBuildConfiguration;
			buildSettings = {
				ALWAYS_SEARCH_USER_PATHS = NO;
				CLANG_ANALYZER_NONNULL = YES;
				CLANG_ANALYZER_NUMBER_OBJECT_CONVERSION = YES_AGGRESSIVE;
				CLANG_CXX_LANGUAGE_STANDARD = "gnu++0x";
				CLANG_CXX_LIBRARY = "libc++";
				CLANG_ENABLE_MODULES = YES;
				CLANG_ENABLE_OBJC_ARC = YES;
				CLANG_WARN_BLOCK_CAPTURE_AUTORELEASING = YES;
				CLANG_WARN_BOOL_CONVERSION = YES;
				CLANG_WARN_COMMA = YES;
				CLANG_WARN_CONSTANT_CONVERSION = YES;
				CLANG_WARN_DIRECT_OBJC_ISA_USAGE = YES_ERROR;
				CLANG_WARN_DOCUMENTATION_COMMENTS = YES;
				CLANG_WARN_EMPTY_BODY = YES;
				CLANG_WARN_ENUM_CONVERSION = YES;
				CLANG_WARN_INFINITE_RECURSION = YES;
				CLANG_WARN_INT_CONVERSION = YES;
				CLANG_WARN_NON_LITERAL_NULL_CONVERSION = YES;
				CLANG_WARN_OBJC_LITERAL_CONVERSION = YES;
				CLANG_WARN_OBJC_ROOT_CLASS = YES_ERROR;
				CLANG_WARN_RANGE_LOOP_ANALYSIS = YES;
				CLANG_WARN_STRICT_PROTOTYPES = YES;
				CLANG_WARN_SUSPICIOUS_MOVE = YES;
				CLANG_WARN_UNREACHABLE_CODE = YES;
				CLANG_WARN__DUPLICATE_METHOD_MATCH = YES;
				"CODE_SIGN_IDENTITY[sdk=iphoneos*]" = "iPhone Developer";
				COPY_PHASE_STRIP = NO;
				DEBUG_INFORMATION_FORMAT = dwarf;
				ENABLE_STRICT_OBJC_MSGSEND = YES;
				ENABLE_TESTABILITY = YES;
				GCC_C_LANGUAGE_STANDARD = gnu99;
				GCC_DYNAMIC_NO_PIC = NO;
				GCC_NO_COMMON_BLOCKS = YES;
				GCC_OPTIMIZATION_LEVEL = 0;
				GCC_PREPROCESSOR_DEFINITIONS = (
					"DEBUG=1",
					"$(inherited)",
				);
				GCC_WARN_64_TO_32_BIT_CONVERSION = YES;
				GCC_WARN_ABOUT_RETURN_TYPE = YES_ERROR;
				GCC_WARN_UNDECLARED_SELECTOR = YES;
				GCC_WARN_UNINITIALIZED_AUTOS = YES_AGGRESSIVE;
				GCC_WARN_UNUSED_FUNCTION = YES;
				GCC_WARN_UNUSED_VARIABLE = YES;
				IPHONEOS_DEPLOYMENT_TARGET = 11.0;
				MTL_ENABLE_DEBUG_INFO = YES;
				ONLY_ACTIVE_ARCH = YES;
				PRODUCT_BUNDLE_IDENTIFIER = "";
				SDKROOT = iphoneos;
				SWIFT_ACTIVE_COMPILATION_CONDITIONS = DEBUG;
				SWIFT_OPTIMIZATION_LEVEL = "-Onone";
				TARGETED_DEVICE_FAMILY = "1,2";
			};
			name = Debug;
		};
		A72A23F21F0DBA6100D1F4CB /* Release */ = {
			isa = XCBuildConfiguration;
			buildSettings = {
				ALWAYS_SEARCH_USER_PATHS = NO;
				CLANG_ANALYZER_NONNULL = YES;
				CLANG_ANALYZER_NUMBER_OBJECT_CONVERSION = YES_AGGRESSIVE;
				CLANG_CXX_LANGUAGE_STANDARD = "gnu++0x";
				CLANG_CXX_LIBRARY = "libc++";
				CLANG_ENABLE_MODULES = YES;
				CLANG_ENABLE_OBJC_ARC = YES;
				CLANG_WARN_BLOCK_CAPTURE_AUTORELEASING = YES;
				CLANG_WARN_BOOL_CONVERSION = YES;
				CLANG_WARN_COMMA = YES;
				CLANG_WARN_CONSTANT_CONVERSION = YES;
				CLANG_WARN_DIRECT_OBJC_ISA_USAGE = YES_ERROR;
				CLANG_WARN_DOCUMENTATION_COMMENTS = YES;
				CLANG_WARN_EMPTY_BODY = YES;
				CLANG_WARN_ENUM_CONVERSION = YES;
				CLANG_WARN_INFINITE_RECURSION = YES;
				CLANG_WARN_INT_CONVERSION = YES;
				CLANG_WARN_NON_LITERAL_NULL_CONVERSION = YES;
				CLANG_WARN_OBJC_LITERAL_CONVERSION = YES;
				CLANG_WARN_OBJC_ROOT_CLASS = YES_ERROR;
				CLANG_WARN_RANGE_LOOP_ANALYSIS = YES;
				CLANG_WARN_STRICT_PROTOTYPES = YES;
				CLANG_WARN_SUSPICIOUS_MOVE = YES;
				CLANG_WARN_UNREACHABLE_CODE = YES;
				CLANG_WARN__DUPLICATE_METHOD_MATCH = YES;
				"CODE_SIGN_IDENTITY[sdk=iphoneos*]" = "iPhone Developer";
				COPY_PHASE_STRIP = NO;
				DEBUG_INFORMATION_FORMAT = "dwarf-with-dsym";
				ENABLE_NS_ASSERTIONS = NO;
				ENABLE_STRICT_OBJC_MSGSEND = YES;
				GCC_C_LANGUAGE_STANDARD = gnu99;
				GCC_NO_COMMON_BLOCKS = YES;
				GCC_WARN_64_TO_32_BIT_CONVERSION = YES;
				GCC_WARN_ABOUT_RETURN_TYPE = YES_ERROR;
				GCC_WARN_UNDECLARED_SELECTOR = YES;
				GCC_WARN_UNINITIALIZED_AUTOS = YES_AGGRESSIVE;
				GCC_WARN_UNUSED_FUNCTION = YES;
				GCC_WARN_UNUSED_VARIABLE = YES;
				IPHONEOS_DEPLOYMENT_TARGET = 11.0;
				MTL_ENABLE_DEBUG_INFO = NO;
				PRODUCT_BUNDLE_IDENTIFIER = "";
				SDKROOT = iphoneos;
				SWIFT_OPTIMIZATION_LEVEL = "-Owholemodule";
				TARGETED_DEVICE_FAMILY = "1,2";
				VALIDATE_PRODUCT = YES;
			};
			name = Release;
		};
		A72A23F41F0DBA6100D1F4CB /* Debug */ = {
			isa = XCBuildConfiguration;
			buildSettings = {
				ASSETCATALOG_COMPILER_APPICON_NAME = AppIcon;
				DEVELOPMENT_TEAM = 3T7K23P798;
				FRAMEWORK_SEARCH_PATHS = (
					"$(inherited)",
					"$(PROJECT_DIR)/Carthage/Build/iOS",
				);
				INFOPLIST_FILE = Palmerah/Info.plist;
				IPHONEOS_DEPLOYMENT_TARGET = 11.0;
				LD_RUNPATH_SEARCH_PATHS = "$(inherited) @executable_path/Frameworks";
				PRODUCT_BUNDLE_IDENTIFIER = com.arjunalabs.Palmerah;
				PRODUCT_NAME = "$(TARGET_NAME)";
				SWIFT_SWIFT3_OBJC_INFERENCE = Default;
				SWIFT_VERSION = 4.0;
			};
			name = Debug;
		};
		A72A23F51F0DBA6100D1F4CB /* Release */ = {
			isa = XCBuildConfiguration;
			buildSettings = {
				ASSETCATALOG_COMPILER_APPICON_NAME = AppIcon;
				DEVELOPMENT_TEAM = 3T7K23P798;
				FRAMEWORK_SEARCH_PATHS = (
					"$(inherited)",
					"$(PROJECT_DIR)/Carthage/Build/iOS",
				);
				INFOPLIST_FILE = Palmerah/Info.plist;
				IPHONEOS_DEPLOYMENT_TARGET = 11.0;
				LD_RUNPATH_SEARCH_PATHS = "$(inherited) @executable_path/Frameworks";
				PRODUCT_BUNDLE_IDENTIFIER = com.arjunalabs.Palmerah;
				PRODUCT_NAME = "$(TARGET_NAME)";
				SWIFT_SWIFT3_OBJC_INFERENCE = Default;
				SWIFT_VERSION = 4.0;
			};
			name = Release;
		};
		A72A23F71F0DBA6100D1F4CB /* Debug */ = {
			isa = XCBuildConfiguration;
			buildSettings = {
				ALWAYS_EMBED_SWIFT_STANDARD_LIBRARIES = YES;
				BUNDLE_LOADER = "$(TEST_HOST)";
				DEVELOPMENT_TEAM = 3T7K23P798;
				INFOPLIST_FILE = PalmerahTests/Info.plist;
				LD_RUNPATH_SEARCH_PATHS = "$(inherited) @executable_path/Frameworks @loader_path/Frameworks";
				PRODUCT_BUNDLE_IDENTIFIER = com.arjunalabs.PalmerahTests;
				PRODUCT_NAME = "$(TARGET_NAME)";
				SWIFT_SWIFT3_OBJC_INFERENCE = Default;
				SWIFT_VERSION = 4.0;
				TEST_HOST = "$(BUILT_PRODUCTS_DIR)/Palmerah.app/Palmerah";
			};
			name = Debug;
		};
		A72A23F81F0DBA6100D1F4CB /* Release */ = {
			isa = XCBuildConfiguration;
			buildSettings = {
				ALWAYS_EMBED_SWIFT_STANDARD_LIBRARIES = YES;
				BUNDLE_LOADER = "$(TEST_HOST)";
				DEVELOPMENT_TEAM = 3T7K23P798;
				INFOPLIST_FILE = PalmerahTests/Info.plist;
				LD_RUNPATH_SEARCH_PATHS = "$(inherited) @executable_path/Frameworks @loader_path/Frameworks";
				PRODUCT_BUNDLE_IDENTIFIER = com.arjunalabs.PalmerahTests;
				PRODUCT_NAME = "$(TARGET_NAME)";
				SWIFT_SWIFT3_OBJC_INFERENCE = Default;
				SWIFT_VERSION = 4.0;
				TEST_HOST = "$(BUILT_PRODUCTS_DIR)/Palmerah.app/Palmerah";
			};
			name = Release;
		};
		A72A23FA1F0DBA6100D1F4CB /* Debug */ = {
			isa = XCBuildConfiguration;
			buildSettings = {
				ALWAYS_EMBED_SWIFT_STANDARD_LIBRARIES = YES;
				DEVELOPMENT_TEAM = 3T7K23P798;
				INFOPLIST_FILE = PalmerahUITests/Info.plist;
				LD_RUNPATH_SEARCH_PATHS = "$(inherited) @executable_path/Frameworks @loader_path/Frameworks";
				PRODUCT_BUNDLE_IDENTIFIER = com.arjunalabs.PalmerahUITests;
				PRODUCT_NAME = "$(TARGET_NAME)";
				SWIFT_SWIFT3_OBJC_INFERENCE = Default;
				SWIFT_VERSION = 4.0;
				TEST_TARGET_NAME = Palmerah;
			};
			name = Debug;
		};
		A72A23FB1F0DBA6100D1F4CB /* Release */ = {
			isa = XCBuildConfiguration;
			buildSettings = {
				ALWAYS_EMBED_SWIFT_STANDARD_LIBRARIES = YES;
				DEVELOPMENT_TEAM = 3T7K23P798;
				INFOPLIST_FILE = PalmerahUITests/Info.plist;
				LD_RUNPATH_SEARCH_PATHS = "$(inherited) @executable_path/Frameworks @loader_path/Frameworks";
				PRODUCT_BUNDLE_IDENTIFIER = com.arjunalabs.PalmerahUITests;
				PRODUCT_NAME = "$(TARGET_NAME)";
				SWIFT_SWIFT3_OBJC_INFERENCE = Default;
				SWIFT_VERSION = 4.0;
				TEST_TARGET_NAME = Palmerah;
			};
			name = Release;
		};
/* End XCBuildConfiguration section */

/* Begin XCConfigurationList section */
		A72A23C31F0DBA6000D1F4CB /* Build configuration list for PBXProject "Palmerah" */ = {
			isa = XCConfigurationList;
			buildConfigurations = (
				A72A23F11F0DBA6100D1F4CB /* Debug */,
				A72A23F21F0DBA6100D1F4CB /* Release */,
			);
			defaultConfigurationIsVisible = 0;
			defaultConfigurationName = Release;
		};
		A72A23F31F0DBA6100D1F4CB /* Build configuration list for PBXNativeTarget "Palmerah" */ = {
			isa = XCConfigurationList;
			buildConfigurations = (
				A72A23F41F0DBA6100D1F4CB /* Debug */,
				A72A23F51F0DBA6100D1F4CB /* Release */,
			);
			defaultConfigurationIsVisible = 0;
			defaultConfigurationName = Release;
		};
		A72A23F61F0DBA6100D1F4CB /* Build configuration list for PBXNativeTarget "PalmerahTests" */ = {
			isa = XCConfigurationList;
			buildConfigurations = (
				A72A23F71F0DBA6100D1F4CB /* Debug */,
				A72A23F81F0DBA6100D1F4CB /* Release */,
			);
			defaultConfigurationIsVisible = 0;
			defaultConfigurationName = Release;
		};
		A72A23F91F0DBA6100D1F4CB /* Build configuration list for PBXNativeTarget "PalmerahUITests" */ = {
			isa = XCConfigurationList;
			buildConfigurations = (
				A72A23FA1F0DBA6100D1F4CB /* Debug */,
				A72A23FB1F0DBA6100D1F4CB /* Release */,
			);
			defaultConfigurationIsVisible = 0;
			defaultConfigurationName = Release;
		};
/* End XCConfigurationList section */

/* Begin XCVersionGroup section */
		A72A23D21F0DBA6100D1F4CB /* Palmerah.xcdatamodeld */ = {
			isa = XCVersionGroup;
			children = (
				A72A23D31F0DBA6100D1F4CB /* Palmerah.xcdatamodel */,
			);
			currentVersion = A72A23D31F0DBA6100D1F4CB /* Palmerah.xcdatamodel */;
			path = Palmerah.xcdatamodeld;
			sourceTree = "<group>";
			versionGroupType = wrapper.xcdatamodel;
		};
/* End XCVersionGroup section */
	};
	rootObject = A72A23C01F0DBA6000D1F4CB /* Project object */;
}
